// !$*UTF8*$!
{
	archiveVersion = 1;
	classes = {
	};
	objectVersion = 46;
	objects = {

/* Begin PBXBuildFile section */
		2BA84EE51CF5A65300B5BE87 /* UIView+Extension.m in Sources */ = {isa = PBXBuildFile; fileRef = 2BA84EE41CF5A65300B5BE87 /* UIView+Extension.m */; };
		2BDDB3301CF19F2F0025E7D2 /* main.m in Sources */ = {isa = PBXBuildFile; fileRef = 2BDDB32F1CF19F2F0025E7D2 /* main.m */; };
		2BDDB33B1CF19F2F0025E7D2 /* Assets.xcassets in Resources */ = {isa = PBXBuildFile; fileRef = 2BDDB33A1CF19F2F0025E7D2 /* Assets.xcassets */; };
		2BDDB3861CF1B2350025E7D2 /* MessageTableViewController.m in Sources */ = {isa = PBXBuildFile; fileRef = 2BDDB3851CF1B2350025E7D2 /* MessageTableViewController.m */; };
		2BDDB3891CF1B24F0025E7D2 /* ProfileTableViewController.m in Sources */ = {isa = PBXBuildFile; fileRef = 2BDDB3881CF1B24F0025E7D2 /* ProfileTableViewController.m */; };
		2BDDB38C1CF1B2690025E7D2 /* DiscoverTableViewController.m in Sources */ = {isa = PBXBuildFile; fileRef = 2BDDB38B1CF1B2690025E7D2 /* DiscoverTableViewController.m */; };
		2BDDB3B61CF1B3360025E7D2 /* AppDelegate.m in Sources */ = {isa = PBXBuildFile; fileRef = 2BDDB3B51CF1B3360025E7D2 /* AppDelegate.m */; };
		2BDDB3BD1CF1BE0E0025E7D2 /* HomeTableViewController.m in Sources */ = {isa = PBXBuildFile; fileRef = 2BDDB3BC1CF1BE0E0025E7D2 /* HomeTableViewController.m */; };
		2BDDB3C01CF25E350025E7D2 /* MainTabBarController.m in Sources */ = {isa = PBXBuildFile; fileRef = 2BDDB3BF1CF25E350025E7D2 /* MainTabBarController.m */; };
		2BDDB3C31CF268EB0025E7D2 /* MainNavigationController.m in Sources */ = {isa = PBXBuildFile; fileRef = 2BDDB3C21CF268EB0025E7D2 /* MainNavigationController.m */; };
		2BDDB3C71CF26D3D0025E7D2 /* FirstViewController.m in Sources */ = {isa = PBXBuildFile; fileRef = 2BDDB3C51CF26D3D0025E7D2 /* FirstViewController.m */; };
		2BDDB3C81CF26D3D0025E7D2 /* FirstViewController.xib in Resources */ = {isa = PBXBuildFile; fileRef = 2BDDB3C61CF26D3D0025E7D2 /* FirstViewController.xib */; };
		2BDDB3CC1CF26D4E0025E7D2 /* SecondViewController.m in Sources */ = {isa = PBXBuildFile; fileRef = 2BDDB3CA1CF26D4E0025E7D2 /* SecondViewController.m */; };
		2BDDB3CD1CF26D4E0025E7D2 /* SecondViewController.xib in Resources */ = {isa = PBXBuildFile; fileRef = 2BDDB3CB1CF26D4E0025E7D2 /* SecondViewController.xib */; };
		2BDDB3D31CF2DA250025E7D2 /* UIBarButtonItem+Extention.m in Sources */ = {isa = PBXBuildFile; fileRef = 2BDDB3D21CF2DA250025E7D2 /* UIBarButtonItem+Extention.m */; };
		2BDDB3D61CF5513E0025E7D2 /* MyDorpMenuView.m in Sources */ = {isa = PBXBuildFile; fileRef = 2BDDB3D51CF5513E0025E7D2 /* MyDorpMenuView.m */; };
		2BDDB3D91CF5749E0025E7D2 /* DropMenuTableViewController.m in Sources */ = {isa = PBXBuildFile; fileRef = 2BDDB3D81CF5749E0025E7D2 /* DropMenuTableViewController.m */; };
/* End PBXBuildFile section */

/* Begin PBXFileReference section */
		2BA84EE31CF5A65300B5BE87 /* UIView+Extension.h */ = {isa = PBXFileReference; fileEncoding = 4; lastKnownFileType = sourcecode.c.h; path = "UIView+Extension.h"; sourceTree = "<group>"; };
		2BA84EE41CF5A65300B5BE87 /* UIView+Extension.m */ = {isa = PBXFileReference; fileEncoding = 4; lastKnownFileType = sourcecode.c.objc; path = "UIView+Extension.m"; sourceTree = "<group>"; };
		2BDDB32B1CF19F2F0025E7D2 /* Demo.app */ = {isa = PBXFileReference; explicitFileType = wrapper.application; includeInIndex = 0; path = Demo.app; sourceTree = BUILT_PRODUCTS_DIR; };
		2BDDB32F1CF19F2F0025E7D2 /* main.m */ = {isa = PBXFileReference; lastKnownFileType = sourcecode.c.objc; path = main.m; sourceTree = "<group>"; };
		2BDDB33A1CF19F2F0025E7D2 /* Assets.xcassets */ = {isa = PBXFileReference; lastKnownFileType = folder.assetcatalog; path = Assets.xcassets; sourceTree = "<group>"; };
		2BDDB33F1CF19F2F0025E7D2 /* Info.plist */ = {isa = PBXFileReference; lastKnownFileType = text.plist.xml; path = Info.plist; sourceTree = "<group>"; };
		2BDDB3691CF1A1DD0025E7D2 /* PrefixHeader.pch */ = {isa = PBXFileReference; fileEncoding = 4; lastKnownFileType = sourcecode.c.h; path = PrefixHeader.pch; sourceTree = "<group>"; };
		2BDDB3841CF1B2350025E7D2 /* MessageTableViewController.h */ = {isa = PBXFileReference; fileEncoding = 4; lastKnownFileType = sourcecode.c.h; path = MessageTableViewController.h; sourceTree = "<group>"; };
		2BDDB3851CF1B2350025E7D2 /* MessageTableViewController.m */ = {isa = PBXFileReference; fileEncoding = 4; lastKnownFileType = sourcecode.c.objc; path = MessageTableViewController.m; sourceTree = "<group>"; };
		2BDDB3871CF1B24F0025E7D2 /* ProfileTableViewController.h */ = {isa = PBXFileReference; fileEncoding = 4; lastKnownFileType = sourcecode.c.h; path = ProfileTableViewController.h; sourceTree = "<group>"; };
		2BDDB3881CF1B24F0025E7D2 /* ProfileTableViewController.m */ = {isa = PBXFileReference; fileEncoding = 4; lastKnownFileType = sourcecode.c.objc; path = ProfileTableViewController.m; sourceTree = "<group>"; };
		2BDDB38A1CF1B2690025E7D2 /* DiscoverTableViewController.h */ = {isa = PBXFileReference; fileEncoding = 4; lastKnownFileType = sourcecode.c.h; path = DiscoverTableViewController.h; sourceTree = "<group>"; };
		2BDDB38B1CF1B2690025E7D2 /* DiscoverTableViewController.m */ = {isa = PBXFileReference; fileEncoding = 4; lastKnownFileType = sourcecode.c.objc; path = DiscoverTableViewController.m; sourceTree = "<group>"; };
		2BDDB3B41CF1B3360025E7D2 /* AppDelegate.h */ = {isa = PBXFileReference; fileEncoding = 4; lastKnownFileType = sourcecode.c.h; path = AppDelegate.h; sourceTree = "<group>"; };
		2BDDB3B51CF1B3360025E7D2 /* AppDelegate.m */ = {isa = PBXFileReference; fileEncoding = 4; lastKnownFileType = sourcecode.c.objc; path = AppDelegate.m; sourceTree = "<group>"; };
		2BDDB3BB1CF1BE0E0025E7D2 /* HomeTableViewController.h */ = {isa = PBXFileReference; fileEncoding = 4; lastKnownFileType = sourcecode.c.h; path = HomeTableViewController.h; sourceTree = "<group>"; };
		2BDDB3BC1CF1BE0E0025E7D2 /* HomeTableViewController.m */ = {isa = PBXFileReference; fileEncoding = 4; lastKnownFileType = sourcecode.c.objc; path = HomeTableViewController.m; sourceTree = "<group>"; };
		2BDDB3BE1CF25E350025E7D2 /* MainTabBarController.h */ = {isa = PBXFileReference; fileEncoding = 4; lastKnownFileType = sourcecode.c.h; path = MainTabBarController.h; sourceTree = "<group>"; };
		2BDDB3BF1CF25E350025E7D2 /* MainTabBarController.m */ = {isa = PBXFileReference; fileEncoding = 4; lastKnownFileType = sourcecode.c.objc; path = MainTabBarController.m; sourceTree = "<group>"; };
		2BDDB3C11CF268EB0025E7D2 /* MainNavigationController.h */ = {isa = PBXFileReference; fileEncoding = 4; lastKnownFileType = sourcecode.c.h; path = MainNavigationController.h; sourceTree = "<group>"; };
		2BDDB3C21CF268EB0025E7D2 /* MainNavigationController.m */ = {isa = PBXFileReference; fileEncoding = 4; lastKnownFileType = sourcecode.c.objc; path = MainNavigationController.m; sourceTree = "<group>"; };
		2BDDB3C41CF26D3D0025E7D2 /* FirstViewController.h */ = {isa = PBXFileReference; fileEncoding = 4; lastKnownFileType = sourcecode.c.h; path = FirstViewController.h; sourceTree = "<group>"; };
		2BDDB3C51CF26D3D0025E7D2 /* FirstViewController.m */ = {isa = PBXFileReference; fileEncoding = 4; lastKnownFileType = sourcecode.c.objc; path = FirstViewController.m; sourceTree = "<group>"; };
		2BDDB3C61CF26D3D0025E7D2 /* FirstViewController.xib */ = {isa = PBXFileReference; fileEncoding = 4; lastKnownFileType = file.xib; path = FirstViewController.xib; sourceTree = "<group>"; };
		2BDDB3C91CF26D4E0025E7D2 /* SecondViewController.h */ = {isa = PBXFileReference; fileEncoding = 4; lastKnownFileType = sourcecode.c.h; path = SecondViewController.h; sourceTree = "<group>"; };
		2BDDB3CA1CF26D4E0025E7D2 /* SecondViewController.m */ = {isa = PBXFileReference; fileEncoding = 4; lastKnownFileType = sourcecode.c.objc; path = SecondViewController.m; sourceTree = "<group>"; };
		2BDDB3CB1CF26D4E0025E7D2 /* SecondViewController.xib */ = {isa = PBXFileReference; fileEncoding = 4; lastKnownFileType = file.xib; path = SecondViewController.xib; sourceTree = "<group>"; };
		2BDDB3D11CF2DA250025E7D2 /* UIBarButtonItem+Extention.h */ = {isa = PBXFileReference; fileEncoding = 4; lastKnownFileType = sourcecode.c.h; path = "UIBarButtonItem+Extention.h"; sourceTree = "<group>"; };
		2BDDB3D21CF2DA250025E7D2 /* UIBarButtonItem+Extention.m */ = {isa = PBXFileReference; fileEncoding = 4; lastKnownFileType = sourcecode.c.objc; path = "UIBarButtonItem+Extention.m"; sourceTree = "<group>"; };
		2BDDB3D41CF5513E0025E7D2 /* MyDorpMenuView.h */ = {isa = PBXFileReference; fileEncoding = 4; lastKnownFileType = sourcecode.c.h; path = MyDorpMenuView.h; sourceTree = "<group>"; };
		2BDDB3D51CF5513E0025E7D2 /* MyDorpMenuView.m */ = {isa = PBXFileReference; fileEncoding = 4; lastKnownFileType = sourcecode.c.objc; path = MyDorpMenuView.m; sourceTree = "<group>"; };
		2BDDB3D71CF5749E0025E7D2 /* DropMenuTableViewController.h */ = {isa = PBXFileReference; fileEncoding = 4; lastKnownFileType = sourcecode.c.h; path = DropMenuTableViewController.h; sourceTree = "<group>"; };
		2BDDB3D81CF5749E0025E7D2 /* DropMenuTableViewController.m */ = {isa = PBXFileReference; fileEncoding = 4; lastKnownFileType = sourcecode.c.objc; path = DropMenuTableViewController.m; sourceTree = "<group>"; };
/* End PBXFileReference section */

/* Begin PBXFrameworksBuildPhase section */
		2BDDB3281CF19F2F0025E7D2 /* Frameworks */ = {
			isa = PBXFrameworksBuildPhase;
			buildActionMask = 2147483647;
			files = (
			);
			runOnlyForDeploymentPostprocessing = 0;
		};
/* End PBXFrameworksBuildPhase section */

/* Begin PBXGroup section */
		2BDDB3221CF19F2F0025E7D2 = {
			isa = PBXGroup;
			children = (
				2BDDB32D1CF19F2F0025E7D2 /* Demo */,
				2BDDB32C1CF19F2F0025E7D2 /* Products */,
			);
			sourceTree = "<group>";
		};
		2BDDB32C1CF19F2F0025E7D2 /* Products */ = {
			isa = PBXGroup;
			children = (
				2BDDB32B1CF19F2F0025E7D2 /* Demo.app */,
			);
			name = Products;
			sourceTree = "<group>";
		};
		2BDDB32D1CF19F2F0025E7D2 /* Demo */ = {
			isa = PBXGroup;
			children = (
				2BDDB3451CF1A09A0025E7D2 /* classes */,
				2BDDB32E1CF19F2F0025E7D2 /* Supporting Files */,
			);
			path = Demo;
			sourceTree = "<group>";
		};
		2BDDB32E1CF19F2F0025E7D2 /* Supporting Files */ = {
			isa = PBXGroup;
			children = (
				2BDDB33A1CF19F2F0025E7D2 /* Assets.xcassets */,
				2BDDB33F1CF19F2F0025E7D2 /* Info.plist */,
				2BDDB32F1CF19F2F0025E7D2 /* main.m */,
				2BDDB3691CF1A1DD0025E7D2 /* PrefixHeader.pch */,
			);
			name = "Supporting Files";
			sourceTree = "<group>";
		};
		2BDDB3451CF1A09A0025E7D2 /* classes */ = {
			isa = PBXGroup;
			children = (
				2BDDB3B71CF1BDB90025E7D2 /* home */,
				2BDDB3781CF1B05B0025E7D2 /* message */,
				2BDDB37D1CF1B0840025E7D2 /* profile */,
				2BDDB36A1CF1B05B0025E7D2 /* discover */,
				2BDDB3721CF1B05B0025E7D2 /* main */,
				2BDDB3461CF1A09A0025E7D2 /* category */,
				2BDDB3641CF1A09A0025E7D2 /* other */,
			);
			path = classes;
			sourceTree = "<group>";
		};
		2BDDB3461CF1A09A0025E7D2 /* category */ = {
			isa = PBXGroup;
			children = (
				2BA84EE31CF5A65300B5BE87 /* UIView+Extension.h */,
				2BA84EE41CF5A65300B5BE87 /* UIView+Extension.m */,
				2BDDB3471CF1A09A0025E7D2 /* controller */,
				2BDDB3481CF1A09A0025E7D2 /* model */,
				2BDDB3491CF1A09A0025E7D2 /* view */,
			);
			path = category;
			sourceTree = "<group>";
		};
		2BDDB3471CF1A09A0025E7D2 /* controller */ = {
			isa = PBXGroup;
			children = (
				2BDDB3D11CF2DA250025E7D2 /* UIBarButtonItem+Extention.h */,
				2BDDB3D21CF2DA250025E7D2 /* UIBarButtonItem+Extention.m */,
			);
			path = controller;
			sourceTree = "<group>";
		};
		2BDDB3481CF1A09A0025E7D2 /* model */ = {
			isa = PBXGroup;
			children = (
			);
			path = model;
			sourceTree = "<group>";
		};
		2BDDB3491CF1A09A0025E7D2 /* view */ = {
			isa = PBXGroup;
			children = (
			);
			path = view;
			sourceTree = "<group>";
		};
		2BDDB3641CF1A09A0025E7D2 /* other */ = {
			isa = PBXGroup;
			children = (
				2BDDB3651CF1A09A0025E7D2 /* controller */,
				2BDDB3661CF1A09A0025E7D2 /* model */,
				2BDDB3671CF1A09A0025E7D2 /* view */,
			);
			path = other;
			sourceTree = "<group>";
		};
		2BDDB3651CF1A09A0025E7D2 /* controller */ = {
			isa = PBXGroup;
			children = (
			);
			path = controller;
			sourceTree = "<group>";
		};
		2BDDB3661CF1A09A0025E7D2 /* model */ = {
			isa = PBXGroup;
			children = (
			);
			path = model;
			sourceTree = "<group>";
		};
		2BDDB3671CF1A09A0025E7D2 /* view */ = {
			isa = PBXGroup;
			children = (
			);
			path = view;
			sourceTree = "<group>";
		};
		2BDDB36A1CF1B05B0025E7D2 /* discover */ = {
			isa = PBXGroup;
			children = (
				2BDDB36B1CF1B05B0025E7D2 /* controller */,
				2BDDB36C1CF1B05B0025E7D2 /* model */,
				2BDDB36D1CF1B05B0025E7D2 /* view */,
			);
			path = discover;
			sourceTree = "<group>";
		};
		2BDDB36B1CF1B05B0025E7D2 /* controller */ = {
			isa = PBXGroup;
			children = (
				2BDDB38A1CF1B2690025E7D2 /* DiscoverTableViewController.h */,
				2BDDB38B1CF1B2690025E7D2 /* DiscoverTableViewController.m */,
			);
			path = controller;
			sourceTree = "<group>";
		};
		2BDDB36C1CF1B05B0025E7D2 /* model */ = {
			isa = PBXGroup;
			children = (
			);
			path = model;
			sourceTree = "<group>";
		};
		2BDDB36D1CF1B05B0025E7D2 /* view */ = {
			isa = PBXGroup;
			children = (
				2BDDB3D41CF5513E0025E7D2 /* MyDorpMenuView.h */,
				2BDDB3D51CF5513E0025E7D2 /* MyDorpMenuView.m */,
			);
			path = view;
			sourceTree = "<group>";
		};
		2BDDB3721CF1B05B0025E7D2 /* main */ = {
			isa = PBXGroup;
			children = (
				2BDDB3B41CF1B3360025E7D2 /* AppDelegate.h */,
				2BDDB3B51CF1B3360025E7D2 /* AppDelegate.m */,
				2BDDB3751CF1B05B0025E7D2 /* controller */,
				2BDDB3761CF1B05B0025E7D2 /* model */,
				2BDDB3771CF1B05B0025E7D2 /* view */,
			);
			path = main;
			sourceTree = "<group>";
		};
		2BDDB3751CF1B05B0025E7D2 /* controller */ = {
			isa = PBXGroup;
			children = (
				2BDDB3BE1CF25E350025E7D2 /* MainTabBarController.h */,
				2BDDB3BF1CF25E350025E7D2 /* MainTabBarController.m */,
				2BDDB3C11CF268EB0025E7D2 /* MainNavigationController.h */,
				2BDDB3C21CF268EB0025E7D2 /* MainNavigationController.m */,
				2BDDB3C41CF26D3D0025E7D2 /* FirstViewController.h */,
				2BDDB3C51CF26D3D0025E7D2 /* FirstViewController.m */,
				2BDDB3C61CF26D3D0025E7D2 /* FirstViewController.xib */,
				2BDDB3C91CF26D4E0025E7D2 /* SecondViewController.h */,
				2BDDB3CA1CF26D4E0025E7D2 /* SecondViewController.m */,
				2BDDB3CB1CF26D4E0025E7D2 /* SecondViewController.xib */,
				2BDDB3D71CF5749E0025E7D2 /* DropMenuTableViewController.h */,
				2BDDB3D81CF5749E0025E7D2 /* DropMenuTableViewController.m */,
			);
			path = controller;
			sourceTree = "<group>";
		};
		2BDDB3761CF1B05B0025E7D2 /* model */ = {
			isa = PBXGroup;
			children = (
			);
			path = model;
			sourceTree = "<group>";
		};
		2BDDB3771CF1B05B0025E7D2 /* view */ = {
			isa = PBXGroup;
			children = (
			);
			path = view;
			sourceTree = "<group>";
		};
		2BDDB3781CF1B05B0025E7D2 /* message */ = {
			isa = PBXGroup;
			children = (
				2BDDB3791CF1B05B0025E7D2 /* controller */,
				2BDDB37A1CF1B05B0025E7D2 /* model */,
				2BDDB37B1CF1B05B0025E7D2 /* view */,
			);
			path = message;
			sourceTree = "<group>";
		};
		2BDDB3791CF1B05B0025E7D2 /* controller */ = {
			isa = PBXGroup;
			children = (
				2BDDB3841CF1B2350025E7D2 /* MessageTableViewController.h */,
				2BDDB3851CF1B2350025E7D2 /* MessageTableViewController.m */,
			);
			path = controller;
			sourceTree = "<group>";
		};
		2BDDB37A1CF1B05B0025E7D2 /* model */ = {
			isa = PBXGroup;
			children = (
			);
			path = model;
			sourceTree = "<group>";
		};
		2BDDB37B1CF1B05B0025E7D2 /* view */ = {
			isa = PBXGroup;
			children = (
			);
			path = view;
			sourceTree = "<group>";
		};
		2BDDB37D1CF1B0840025E7D2 /* profile */ = {
			isa = PBXGroup;
			children = (
				2BDDB37E1CF1B0840025E7D2 /* controller */,
				2BDDB37F1CF1B0840025E7D2 /* model */,
				2BDDB3801CF1B0840025E7D2 /* view */,
			);
			path = profile;
			sourceTree = "<group>";
		};
		2BDDB37E1CF1B0840025E7D2 /* controller */ = {
			isa = PBXGroup;
			children = (
				2BDDB3871CF1B24F0025E7D2 /* ProfileTableViewController.h */,
				2BDDB3881CF1B24F0025E7D2 /* ProfileTableViewController.m */,
			);
			path = controller;
			sourceTree = "<group>";
		};
		2BDDB37F1CF1B0840025E7D2 /* model */ = {
			isa = PBXGroup;
			children = (
			);
			path = model;
			sourceTree = "<group>";
		};
		2BDDB3801CF1B0840025E7D2 /* view */ = {
			isa = PBXGroup;
			children = (
			);
			path = view;
			sourceTree = "<group>";
		};
		2BDDB3B71CF1BDB90025E7D2 /* home */ = {
			isa = PBXGroup;
			children = (
				2BDDB3B81CF1BDB90025E7D2 /* controller */,
				2BDDB3B91CF1BDB90025E7D2 /* model */,
				2BDDB3BA1CF1BDB90025E7D2 /* view */,
			);
			path = home;
			sourceTree = "<group>";
		};
		2BDDB3B81CF1BDB90025E7D2 /* controller */ = {
			isa = PBXGroup;
			children = (
				2BDDB3BB1CF1BE0E0025E7D2 /* HomeTableViewController.h */,
				2BDDB3BC1CF1BE0E0025E7D2 /* HomeTableViewController.m */,
			);
			path = controller;
			sourceTree = "<group>";
		};
		2BDDB3B91CF1BDB90025E7D2 /* model */ = {
			isa = PBXGroup;
			children = (
			);
			path = model;
			sourceTree = "<group>";
		};
		2BDDB3BA1CF1BDB90025E7D2 /* view */ = {
			isa = PBXGroup;
			children = (
			);
			path = view;
			sourceTree = "<group>";
		};
/* End PBXGroup section */

/* Begin PBXNativeTarget section */
		2BDDB32A1CF19F2F0025E7D2 /* Demo */ = {
			isa = PBXNativeTarget;
			buildConfigurationList = 2BDDB3421CF19F2F0025E7D2 /* Build configuration list for PBXNativeTarget "Demo" */;
			buildPhases = (
				2BDDB3271CF19F2F0025E7D2 /* Sources */,
				2BDDB3281CF19F2F0025E7D2 /* Frameworks */,
				2BDDB3291CF19F2F0025E7D2 /* Resources */,
			);
			buildRules = (
			);
			dependencies = (
			);
			name = Demo;
			productName = Demo;
			productReference = 2BDDB32B1CF19F2F0025E7D2 /* Demo.app */;
			productType = "com.apple.product-type.application";
		};
/* End PBXNativeTarget section */

/* Begin PBXProject section */
		2BDDB3231CF19F2F0025E7D2 /* Project object */ = {
			isa = PBXProject;
			attributes = {
				LastUpgradeCheck = 0730;
				ORGANIZATIONNAME = went;
				TargetAttributes = {
					2BDDB32A1CF19F2F0025E7D2 = {
						CreatedOnToolsVersion = 7.3;
					};
				};
			};
			buildConfigurationList = 2BDDB3261CF19F2F0025E7D2 /* Build configuration list for PBXProject "Demo" */;
			compatibilityVersion = "Xcode 3.2";
			developmentRegion = English;
			hasScannedForEncodings = 0;
			knownRegions = (
				en,
				Base,
			);
			mainGroup = 2BDDB3221CF19F2F0025E7D2;
			productRefGroup = 2BDDB32C1CF19F2F0025E7D2 /* Products */;
			projectDirPath = "";
			projectRoot = "";
			targets = (
				2BDDB32A1CF19F2F0025E7D2 /* Demo */,
			);
		};
/* End PBXProject section */

/* Begin PBXResourcesBuildPhase section */
		2BDDB3291CF19F2F0025E7D2 /* Resources */ = {
			isa = PBXResourcesBuildPhase;
			buildActionMask = 2147483647;
			files = (
				2BDDB33B1CF19F2F0025E7D2 /* Assets.xcassets in Resources */,
				2BDDB3C81CF26D3D0025E7D2 /* FirstViewController.xib in Resources */,
				2BDDB3CD1CF26D4E0025E7D2 /* SecondViewController.xib in Resources */,
			);
			runOnlyForDeploymentPostprocessing = 0;
		};
/* End PBXResourcesBuildPhase section */

/* Begin PBXSourcesBuildPhase section */
		2BDDB3271CF19F2F0025E7D2 /* Sources */ = {
			isa = PBXSourcesBuildPhase;
			buildActionMask = 2147483647;
			files = (
				2BDDB3CC1CF26D4E0025E7D2 /* SecondViewController.m in Sources */,
				2BDDB38C1CF1B2690025E7D2 /* DiscoverTableViewController.m in Sources */,
				2BDDB3C71CF26D3D0025E7D2 /* FirstViewController.m in Sources */,
				2BDDB3C01CF25E350025E7D2 /* MainTabBarController.m in Sources */,
				2BDDB3301CF19F2F0025E7D2 /* main.m in Sources */,
				2BDDB3B61CF1B3360025E7D2 /* AppDelegate.m in Sources */,
				2BDDB3891CF1B24F0025E7D2 /* ProfileTableViewController.m in Sources */,
				2BDDB3D31CF2DA250025E7D2 /* UIBarButtonItem+Extention.m in Sources */,
				2BDDB3D91CF5749E0025E7D2 /* DropMenuTableViewController.m in Sources */,
				2BDDB3BD1CF1BE0E0025E7D2 /* HomeTableViewController.m in Sources */,
				2BA84EE51CF5A65300B5BE87 /* UIView+Extension.m in Sources */,
				2BDDB3C31CF268EB0025E7D2 /* MainNavigationController.m in Sources */,
				2BDDB3D61CF5513E0025E7D2 /* MyDorpMenuView.m in Sources */,
				2BDDB3861CF1B2350025E7D2 /* MessageTableViewController.m in Sources */,
			);
			runOnlyForDeploymentPostprocessing = 0;
		};
/* End PBXSourcesBuildPhase section */

/* Begin XCBuildConfiguration section */
		2BDDB3401CF19F2F0025E7D2 /* Debug */ = {
			isa = XCBuildConfiguration;
			buildSettings = {
				ALWAYS_SEARCH_USER_PATHS = NO;
				CLANG_CXX_LANGUAGE_STANDARD = "gnu++0x";
				CLANG_CXX_LIBRARY = "libc++";
				CLANG_ENABLE_MODULES = YES;
				CLANG_ENABLE_OBJC_ARC = YES;
				CLANG_WARN_BOOL_CONVERSION = YES;
				CLANG_WARN_CONSTANT_CONVERSION = YES;
				CLANG_WARN_DIRECT_OBJC_ISA_USAGE = YES_ERROR;
				CLANG_WARN_EMPTY_BODY = YES;
				CLANG_WARN_ENUM_CONVERSION = YES;
				CLANG_WARN_INT_CONVERSION = YES;
				CLANG_WARN_OBJC_ROOT_CLASS = YES_ERROR;
				CLANG_WARN_UNREACHABLE_CODE = YES;
				CLANG_WARN__DUPLICATE_METHOD_MATCH = YES;
				"CODE_SIGN_IDENTITY[sdk=iphoneos*]" = "iPhone Developer";
				COPY_PHASE_STRIP = NO;
				DEBUG_INFORMATION_FORMAT = dwarf;
				ENABLE_STRICT_OBJC_MSGSEND = YES;
				ENABLE_TESTABILITY = YES;
				GCC_C_LANGUAGE_STANDARD = gnu99;
				GCC_DYNAMIC_NO_PIC = NO;
				GCC_NO_COMMON_BLOCKS = YES;
				GCC_OPTIMIZATION_LEVEL = 0;
				GCC_PRECOMPILE_PREFIX_HEADER = YES;
				GCC_PREPROCESSOR_DEFINITIONS = (
					"DEBUG=1",
					"$(inherited)",
				);
				GCC_WARN_64_TO_32_BIT_CONVERSION = YES;
				GCC_WARN_ABOUT_RETURN_TYPE = YES_ERROR;
				GCC_WARN_UNDECLARED_SELECTOR = YES;
				GCC_WARN_UNINITIALIZED_AUTOS = YES_AGGRESSIVE;
				GCC_WARN_UNUSED_FUNCTION = YES;
				GCC_WARN_UNUSED_VARIABLE = YES;
				IPHONEOS_DEPLOYMENT_TARGET = 9.3;
				MTL_ENABLE_DEBUG_INFO = YES;
				ONLY_ACTIVE_ARCH = YES;
				SDKROOT = iphoneos;
			};
			name = Debug;
		};
		2BDDB3411CF19F2F0025E7D2 /* Release */ = {
			isa = XCBuildConfiguration;
			buildSettings = {
				ALWAYS_SEARCH_USER_PATHS = NO;
				CLANG_CXX_LANGUAGE_STANDARD = "gnu++0x";
				CLANG_CXX_LIBRARY = "libc++";
				CLANG_ENABLE_MODULES = YES;
				CLANG_ENABLE_OBJC_ARC = YES;
				CLANG_WARN_BOOL_CONVERSION = YES;
				CLANG_WARN_CONSTANT_CONVERSION = YES;
				CLANG_WARN_DIRECT_OBJC_ISA_USAGE = YES_ERROR;
				CLANG_WARN_EMPTY_BODY = YES;
				CLANG_WARN_ENUM_CONVERSION = YES;
				CLANG_WARN_INT_CONVERSION = YES;
				CLANG_WARN_OBJC_ROOT_CLASS = YES_ERROR;
				CLANG_WARN_UNREACHABLE_CODE = YES;
				CLANG_WARN__DUPLICATE_METHOD_MATCH = YES;
				"CODE_SIGN_IDENTITY[sdk=iphoneos*]" = "iPhone Developer";
				COPY_PHASE_STRIP = NO;
				DEBUG_INFORMATION_FORMAT = "dwarf-with-dsym";
				ENABLE_NS_ASSERTIONS = NO;
				ENABLE_STRICT_OBJC_MSGSEND = YES;
				GCC_C_LANGUAGE_STANDARD = gnu99;
				GCC_NO_COMMON_BLOCKS = YES;
				GCC_PRECOMPILE_PREFIX_HEADER = YES;
				GCC_WARN_64_TO_32_BIT_CONVERSION = YES;
				GCC_WARN_ABOUT_RETURN_TYPE = YES_ERROR;
				GCC_WARN_UNDECLARED_SELECTOR = YES;
				GCC_WARN_UNINITIALIZED_AUTOS = YES_AGGRESSIVE;
				GCC_WARN_UNUSED_FUNCTION = YES;
				GCC_WARN_UNUSED_VARIABLE = YES;
				IPHONEOS_DEPLOYMENT_TARGET = 9.3;
				MTL_ENABLE_DEBUG_INFO = NO;
				SDKROOT = iphoneos;
				VALIDATE_PRODUCT = YES;
			};
			name = Release;
		};
		2BDDB3431CF19F2F0025E7D2 /* Debug */ = {
			isa = XCBuildConfiguration;
			buildSettings = {
				ASSETCATALOG_COMPILER_APPICON_NAME = AppIcon;
				ASSETCATALOG_COMPILER_LAUNCHIMAGE_NAME = "Brand Assets";
				GCC_PRECOMPILE_PREFIX_HEADER = YES;
				GCC_PREFIX_HEADER = demo/PrefixHeader.pch;
				INFOPLIST_FILE = Demo/Info.plist;
				LD_RUNPATH_SEARCH_PATHS = "$(inherited) @executable_path/Frameworks";
				PRODUCT_BUNDLE_IDENTIFIER = com.went.Demo;
				PRODUCT_NAME = "$(TARGET_NAME)";
			};
			name = Debug;
		};
		2BDDB3441CF19F2F0025E7D2 /* Release */ = {
			isa = XCBuildConfiguration;
			buildSettings = {
				ASSETCATALOG_COMPILER_APPICON_NAME = AppIcon;
				ASSETCATALOG_COMPILER_LAUNCHIMAGE_NAME = "Brand Assets";
				GCC_PRECOMPILE_PREFIX_HEADER = YES;
				GCC_PREFIX_HEADER = demo/PrefixHeader.pch;
				INFOPLIST_FILE = Demo/Info.plist;
				LD_RUNPATH_SEARCH_PATHS = "$(inherited) @executable_path/Frameworks";
				PRODUCT_BUNDLE_IDENTIFIER = com.went.Demo;
				PRODUCT_NAME = "$(TARGET_NAME)";
			};
			name = Release;
		};
/* End XCBuildConfiguration section */

/* Begin XCConfigurationList section */
		2BDDB3261CF19F2F0025E7D2 /* Build configuration list for PBXProject "Demo" */ = {
			isa = XCConfigurationList;
			buildConfigurations = (
				2BDDB3401CF19F2F0025E7D2 /* Debug */,
				2BDDB3411CF19F2F0025E7D2 /* Release */,
			);
			defaultConfigurationIsVisible = 0;
			defaultConfigurationName = Release;
		};
		2BDDB3421CF19F2F0025E7D2 /* Build configuration list for PBXNativeTarget "Demo" */ = {
			isa = XCConfigurationList;
			buildConfigurations = (
				2BDDB3431CF19F2F0025E7D2 /* Debug */,
				2BDDB3441CF19F2F0025E7D2 /* Release */,
			);
			defaultConfigurationIsVisible = 0;
			defaultConfigurationName = Release;
		};
/* End XCConfigurationList section */
	};
	rootObject = 2BDDB3231CF19F2F0025E7D2 /* Project object */;
}
