// !$*UTF8*$!
{
	archiveVersion = 1;
	classes = {
	};
	objectVersion = 46;
	objects = {

/* Begin PBXBuildFile section */
		2B497BA01CF037FF00E6844D /* main.m in Sources */ = {isa = PBXBuildFile; fileRef = 2B497B9F1CF037FF00E6844D /* main.m */; };
		2B497BAB1CF037FF00E6844D /* Assets.xcassets in Resources */ = {isa = PBXBuildFile; fileRef = 2B497BAA1CF037FF00E6844D /* Assets.xcassets */; };
		2B497BAE1CF037FF00E6844D /* LaunchScreen.storyboard in Resources */ = {isa = PBXBuildFile; fileRef = 2B497BAC1CF037FF00E6844D /* LaunchScreen.storyboard */; };
		2B497BD81CF18B8A00E6844D /* AppDelegate.m in Sources */ = {isa = PBXBuildFile; fileRef = 2B497BBC1CF18B8A00E6844D /* AppDelegate.m */; };
/* End PBXBuildFile section */

/* Begin PBXFileReference section */
		2B497B9B1CF037FF00E6844D /* demo.app */ = {isa = PBXFileReference; explicitFileType = wrapper.application; includeInIndex = 0; path = demo.app; sourceTree = BUILT_PRODUCTS_DIR; };
		2B497B9F1CF037FF00E6844D /* main.m */ = {isa = PBXFileReference; lastKnownFileType = sourcecode.c.objc; path = main.m; sourceTree = "<group>"; };
		2B497BAA1CF037FF00E6844D /* Assets.xcassets */ = {isa = PBXFileReference; lastKnownFileType = folder.assetcatalog; path = Assets.xcassets; sourceTree = "<group>"; };
		2B497BAD1CF037FF00E6844D /* Base */ = {isa = PBXFileReference; lastKnownFileType = file.storyboard; name = Base; path = Base.lproj/LaunchScreen.storyboard; sourceTree = "<group>"; };
		2B497BAF1CF037FF00E6844D /* Info.plist */ = {isa = PBXFileReference; lastKnownFileType = text.plist.xml; path = Info.plist; sourceTree = "<group>"; };
		2B497BBB1CF18B8A00E6844D /* AppDelegate.h */ = {isa = PBXFileReference; fileEncoding = 4; lastKnownFileType = sourcecode.c.h; path = AppDelegate.h; sourceTree = "<group>"; };
		2B497BBC1CF18B8A00E6844D /* AppDelegate.m */ = {isa = PBXFileReference; fileEncoding = 4; lastKnownFileType = sourcecode.c.objc; path = AppDelegate.m; sourceTree = "<group>"; };
		2B497BDA1CF1954900E6844D /* PrefixHeader.pch */ = {isa = PBXFileReference; fileEncoding = 4; lastKnownFileType = sourcecode.c.h; path = PrefixHeader.pch; sourceTree = "<group>"; };
/* End PBXFileReference section */

/* Begin PBXFrameworksBuildPhase section */
		2B497B981CF037FF00E6844D /* Frameworks */ = {
			isa = PBXFrameworksBuildPhase;
			buildActionMask = 2147483647;
			files = (
			);
			runOnlyForDeploymentPostprocessing = 0;
		};
/* End PBXFrameworksBuildPhase section */

/* Begin PBXGroup section */
		2B497B921CF037FF00E6844D = {
			isa = PBXGroup;
			children = (
				2B497B9D1CF037FF00E6844D /* demo */,
				2B497B9C1CF037FF00E6844D /* Products */,
			);
			sourceTree = "<group>";
		};
		2B497B9C1CF037FF00E6844D /* Products */ = {
			isa = PBXGroup;
			children = (
				2B497B9B1CF037FF00E6844D /* demo.app */,
			);
			name = Products;
			sourceTree = "<group>";
		};
		2B497B9D1CF037FF00E6844D /* demo */ = {
			isa = PBXGroup;
			children = (
				2B497BB51CF18B8A00E6844D /* classes */,
				2B497B9E1CF037FF00E6844D /* Supporting Files */,
				2B497BDA1CF1954900E6844D /* PrefixHeader.pch */,
			);
			path = demo;
			sourceTree = "<group>";
		};
		2B497B9E1CF037FF00E6844D /* Supporting Files */ = {
			isa = PBXGroup;
			children = (
				2B497BAA1CF037FF00E6844D /* Assets.xcassets */,
				2B497BAC1CF037FF00E6844D /* LaunchScreen.storyboard */,
				2B497BAF1CF037FF00E6844D /* Info.plist */,
				2B497B9F1CF037FF00E6844D /* main.m */,
			);
			name = "Supporting Files";
			sourceTree = "<group>";
		};
		2B497BB51CF18B8A00E6844D /* classes */ = {
			isa = PBXGroup;
			children = (
				2B497BB61CF18B8A00E6844D /* category */,
				2B497BBA1CF18B8A00E6844D /* main */,
				2B497BC01CF18B8A00E6844D /* main副本 */,
				2B497BC41CF18B8A00E6844D /* main副本 2 */,
				2B497BC81CF18B8A00E6844D /* main副本 3 */,
				2B497BCC1CF18B8A00E6844D /* main副本 4 */,
				2B497BD01CF18B8A00E6844D /* main副本 5 */,
				2B497BD41CF18B8A00E6844D /* other */,
			);
			path = classes;
			sourceTree = "<group>";
		};
		2B497BB61CF18B8A00E6844D /* category */ = {
			isa = PBXGroup;
			children = (
				2B497BB71CF18B8A00E6844D /* controller */,
				2B497BB81CF18B8A00E6844D /* model */,
				2B497BB91CF18B8A00E6844D /* view */,
			);
			path = category;
			sourceTree = "<group>";
		};
		2B497BB71CF18B8A00E6844D /* controller */ = {
			isa = PBXGroup;
			children = (
			);
			path = controller;
			sourceTree = "<group>";
		};
		2B497BB81CF18B8A00E6844D /* model */ = {
			isa = PBXGroup;
			children = (
			);
			path = model;
			sourceTree = "<group>";
		};
		2B497BB91CF18B8A00E6844D /* view */ = {
			isa = PBXGroup;
			children = (
			);
			path = view;
			sourceTree = "<group>";
		};
		2B497BBA1CF18B8A00E6844D /* main */ = {
			isa = PBXGroup;
			children = (
				2B497BBB1CF18B8A00E6844D /* AppDelegate.h */,
				2B497BBC1CF18B8A00E6844D /* AppDelegate.m */,
				2B497BBD1CF18B8A00E6844D /* controller */,
				2B497BBE1CF18B8A00E6844D /* model */,
				2B497BBF1CF18B8A00E6844D /* view */,
			);
			path = main;
			sourceTree = "<group>";
		};
		2B497BBD1CF18B8A00E6844D /* controller */ = {
			isa = PBXGroup;
			children = (
			);
			path = controller;
			sourceTree = "<group>";
		};
		2B497BBE1CF18B8A00E6844D /* model */ = {
			isa = PBXGroup;
			children = (
			);
			path = model;
			sourceTree = "<group>";
		};
		2B497BBF1CF18B8A00E6844D /* view */ = {
			isa = PBXGroup;
			children = (
			);
			path = view;
			sourceTree = "<group>";
		};
		2B497BC01CF18B8A00E6844D /* main副本 */ = {
			isa = PBXGroup;
			children = (
				2B497BC11CF18B8A00E6844D /* controller */,
				2B497BC21CF18B8A00E6844D /* model */,
				2B497BC31CF18B8A00E6844D /* view */,
			);
			path = "main副本";
			sourceTree = "<group>";
		};
		2B497BC11CF18B8A00E6844D /* controller */ = {
			isa = PBXGroup;
			children = (
			);
			path = controller;
			sourceTree = "<group>";
		};
		2B497BC21CF18B8A00E6844D /* model */ = {
			isa = PBXGroup;
			children = (
			);
			path = model;
			sourceTree = "<group>";
		};
		2B497BC31CF18B8A00E6844D /* view */ = {
			isa = PBXGroup;
			children = (
			);
			path = view;
			sourceTree = "<group>";
		};
		2B497BC41CF18B8A00E6844D /* main副本 2 */ = {
			isa = PBXGroup;
			children = (
				2B497BC51CF18B8A00E6844D /* controller */,
				2B497BC61CF18B8A00E6844D /* model */,
				2B497BC71CF18B8A00E6844D /* view */,
			);
			path = "main副本 2";
			sourceTree = "<group>";
		};
		2B497BC51CF18B8A00E6844D /* controller */ = {
			isa = PBXGroup;
			children = (
			);
			path = controller;
			sourceTree = "<group>";
		};
		2B497BC61CF18B8A00E6844D /* model */ = {
			isa = PBXGroup;
			children = (
			);
			path = model;
			sourceTree = "<group>";
		};
		2B497BC71CF18B8A00E6844D /* view */ = {
			isa = PBXGroup;
			children = (
			);
			path = view;
			sourceTree = "<group>";
		};
		2B497BC81CF18B8A00E6844D /* main副本 3 */ = {
			isa = PBXGroup;
			children = (
				2B497BC91CF18B8A00E6844D /* controller */,
				2B497BCA1CF18B8A00E6844D /* model */,
				2B497BCB1CF18B8A00E6844D /* view */,
			);
			path = "main副本 3";
			sourceTree = "<group>";
		};
		2B497BC91CF18B8A00E6844D /* controller */ = {
			isa = PBXGroup;
			children = (
			);
			path = controller;
			sourceTree = "<group>";
		};
		2B497BCA1CF18B8A00E6844D /* model */ = {
			isa = PBXGroup;
			children = (
			);
			path = model;
			sourceTree = "<group>";
		};
		2B497BCB1CF18B8A00E6844D /* view */ = {
			isa = PBXGroup;
			children = (
			);
			path = view;
			sourceTree = "<group>";
		};
		2B497BCC1CF18B8A00E6844D /* main副本 4 */ = {
			isa = PBXGroup;
			children = (
				2B497BCD1CF18B8A00E6844D /* controller */,
				2B497BCE1CF18B8A00E6844D /* model */,
				2B497BCF1CF18B8A00E6844D /* view */,
			);
			path = "main副本 4";
			sourceTree = "<group>";
		};
		2B497BCD1CF18B8A00E6844D /* controller */ = {
			isa = PBXGroup;
			children = (
			);
			path = controller;
			sourceTree = "<group>";
		};
		2B497BCE1CF18B8A00E6844D /* model */ = {
			isa = PBXGroup;
			children = (
			);
			path = model;
			sourceTree = "<group>";
		};
		2B497BCF1CF18B8A00E6844D /* view */ = {
			isa = PBXGroup;
			children = (
			);
			path = view;
			sourceTree = "<group>";
		};
		2B497BD01CF18B8A00E6844D /* main副本 5 */ = {
			isa = PBXGroup;
			children = (
				2B497BD11CF18B8A00E6844D /* controller */,
				2B497BD21CF18B8A00E6844D /* model */,
				2B497BD31CF18B8A00E6844D /* view */,
			);
			path = "main副本 5";
			sourceTree = "<group>";
		};
		2B497BD11CF18B8A00E6844D /* controller */ = {
			isa = PBXGroup;
			children = (
			);
			path = controller;
			sourceTree = "<group>";
		};
		2B497BD21CF18B8A00E6844D /* model */ = {
			isa = PBXGroup;
			children = (
			);
			path = model;
			sourceTree = "<group>";
		};
		2B497BD31CF18B8A00E6844D /* view */ = {
			isa = PBXGroup;
			children = (
			);
			path = view;
			sourceTree = "<group>";
		};
		2B497BD41CF18B8A00E6844D /* other */ = {
			isa = PBXGroup;
			children = (
				2B497BD51CF18B8A00E6844D /* controller */,
				2B497BD61CF18B8A00E6844D /* model */,
				2B497BD71CF18B8A00E6844D /* view */,
			);
			path = other;
			sourceTree = "<group>";
		};
		2B497BD51CF18B8A00E6844D /* controller */ = {
			isa = PBXGroup;
			children = (
			);
			path = controller;
			sourceTree = "<group>";
		};
		2B497BD61CF18B8A00E6844D /* model */ = {
			isa = PBXGroup;
			children = (
			);
			path = model;
			sourceTree = "<group>";
		};
		2B497BD71CF18B8A00E6844D /* view */ = {
			isa = PBXGroup;
			children = (
			);
			path = view;
			sourceTree = "<group>";
		};
/* End PBXGroup section */

/* Begin PBXNativeTarget section */
		2B497B9A1CF037FF00E6844D /* demo */ = {
			isa = PBXNativeTarget;
			buildConfigurationList = 2B497BB21CF037FF00E6844D /* Build configuration list for PBXNativeTarget "demo" */;
			buildPhases = (
				2B497B971CF037FF00E6844D /* Sources */,
				2B497B981CF037FF00E6844D /* Frameworks */,
				2B497B991CF037FF00E6844D /* Resources */,
			);
			buildRules = (
			);
			dependencies = (
			);
			name = demo;
			productName = demo;
			productReference = 2B497B9B1CF037FF00E6844D /* demo.app */;
			productType = "com.apple.product-type.application";
		};
/* End PBXNativeTarget section */

/* Begin PBXProject section */
		2B497B931CF037FF00E6844D /* Project object */ = {
			isa = PBXProject;
			attributes = {
				LastUpgradeCheck = 0730;
				ORGANIZATIONNAME = went;
				TargetAttributes = {
					2B497B9A1CF037FF00E6844D = {
						CreatedOnToolsVersion = 7.3;
					};
				};
			};
			buildConfigurationList = 2B497B961CF037FF00E6844D /* Build configuration list for PBXProject "demo" */;
			compatibilityVersion = "Xcode 3.2";
			developmentRegion = English;
			hasScannedForEncodings = 0;
			knownRegions = (
				en,
				Base,
			);
			mainGroup = 2B497B921CF037FF00E6844D;
			productRefGroup = 2B497B9C1CF037FF00E6844D /* Products */;
			projectDirPath = "";
			projectRoot = "";
			targets = (
				2B497B9A1CF037FF00E6844D /* demo */,
			);
		};
/* End PBXProject section */

/* Begin PBXResourcesBuildPhase section */
		2B497B991CF037FF00E6844D /* Resources */ = {
			isa = PBXResourcesBuildPhase;
			buildActionMask = 2147483647;
			files = (
				2B497BAE1CF037FF00E6844D /* LaunchScreen.storyboard in Resources */,
				2B497BAB1CF037FF00E6844D /* Assets.xcassets in Resources */,
			);
			runOnlyForDeploymentPostprocessing = 0;
		};
/* End PBXResourcesBuildPhase section */

/* Begin PBXSourcesBuildPhase section */
		2B497B971CF037FF00E6844D /* Sources */ = {
			isa = PBXSourcesBuildPhase;
			buildActionMask = 2147483647;
			files = (
				2B497BD81CF18B8A00E6844D /* AppDelegate.m in Sources */,
				2B497BA01CF037FF00E6844D /* main.m in Sources */,
			);
			runOnlyForDeploymentPostprocessing = 0;
		};
/* End PBXSourcesBuildPhase section */

/* Begin PBXVariantGroup section */
		2B497BAC1CF037FF00E6844D /* LaunchScreen.storyboard */ = {
			isa = PBXVariantGroup;
			children = (
				2B497BAD1CF037FF00E6844D /* Base */,
			);
			name = LaunchScreen.storyboard;
			sourceTree = "<group>";
		};
/* End PBXVariantGroup section */

/* Begin XCBuildConfiguration section */
		2B497BB01CF037FF00E6844D /* Debug */ = {
			isa = XCBuildConfiguration;
			buildSettings = {
				ALWAYS_SEARCH_USER_PATHS = NO;
				CLANG_CXX_LANGUAGE_STANDARD = "gnu++0x";
				CLANG_CXX_LIBRARY = "libc++";
				CLANG_ENABLE_MODULES = YES;
				CLANG_ENABLE_OBJC_ARC = YES;
				CLANG_WARN_BOOL_CONVERSION = YES;
				CLANG_WARN_CONSTANT_CONVERSION = YES;
				CLANG_WARN_DIRECT_OBJC_ISA_USAGE = YES_ERROR;
				CLANG_WARN_EMPTY_BODY = YES;
				CLANG_WARN_ENUM_CONVERSION = YES;
				CLANG_WARN_INT_CONVERSION = YES;
				CLANG_WARN_OBJC_ROOT_CLASS = YES_ERROR;
				CLANG_WARN_UNREACHABLE_CODE = YES;
				CLANG_WARN__DUPLICATE_METHOD_MATCH = YES;
				"CODE_SIGN_IDENTITY[sdk=iphoneos*]" = "iPhone Developer";
				COPY_PHASE_STRIP = NO;
				DEBUG_INFORMATION_FORMAT = dwarf;
				ENABLE_STRICT_OBJC_MSGSEND = YES;
				ENABLE_TESTABILITY = YES;
				GCC_C_LANGUAGE_STANDARD = gnu99;
				GCC_DYNAMIC_NO_PIC = NO;
				GCC_NO_COMMON_BLOCKS = YES;
				GCC_OPTIMIZATION_LEVEL = 0;
				GCC_PRECOMPILE_PREFIX_HEADER = YES;
				GCC_PREPROCESSOR_DEFINITIONS = (
					"DEBUG=1",
					"$(inherited)",
				);
				GCC_WARN_64_TO_32_BIT_CONVERSION = YES;
				GCC_WARN_ABOUT_RETURN_TYPE = YES_ERROR;
				GCC_WARN_UNDECLARED_SELECTOR = YES;
				GCC_WARN_UNINITIALIZED_AUTOS = YES_AGGRESSIVE;
				GCC_WARN_UNUSED_FUNCTION = YES;
				GCC_WARN_UNUSED_VARIABLE = YES;
				IPHONEOS_DEPLOYMENT_TARGET = 9.3;
				MTL_ENABLE_DEBUG_INFO = YES;
				ONLY_ACTIVE_ARCH = YES;
				SDKROOT = iphoneos;
			};
			name = Debug;
		};
		2B497BB11CF037FF00E6844D /* Release */ = {
			isa = XCBuildConfiguration;
			buildSettings = {
				ALWAYS_SEARCH_USER_PATHS = NO;
				CLANG_CXX_LANGUAGE_STANDARD = "gnu++0x";
				CLANG_CXX_LIBRARY = "libc++";
				CLANG_ENABLE_MODULES = YES;
				CLANG_ENABLE_OBJC_ARC = YES;
				CLANG_WARN_BOOL_CONVERSION = YES;
				CLANG_WARN_CONSTANT_CONVERSION = YES;
				CLANG_WARN_DIRECT_OBJC_ISA_USAGE = YES_ERROR;
				CLANG_WARN_EMPTY_BODY = YES;
				CLANG_WARN_ENUM_CONVERSION = YES;
				CLANG_WARN_INT_CONVERSION = YES;
				CLANG_WARN_OBJC_ROOT_CLASS = YES_ERROR;
				CLANG_WARN_UNREACHABLE_CODE = YES;
				CLANG_WARN__DUPLICATE_METHOD_MATCH = YES;
				"CODE_SIGN_IDENTITY[sdk=iphoneos*]" = "iPhone Developer";
				COPY_PHASE_STRIP = NO;
				DEBUG_INFORMATION_FORMAT = "dwarf-with-dsym";
				ENABLE_NS_ASSERTIONS = NO;
				ENABLE_STRICT_OBJC_MSGSEND = YES;
				GCC_C_LANGUAGE_STANDARD = gnu99;
				GCC_NO_COMMON_BLOCKS = YES;
				GCC_PRECOMPILE_PREFIX_HEADER = YES;
				GCC_WARN_64_TO_32_BIT_CONVERSION = YES;
				GCC_WARN_ABOUT_RETURN_TYPE = YES_ERROR;
				GCC_WARN_UNDECLARED_SELECTOR = YES;
				GCC_WARN_UNINITIALIZED_AUTOS = YES_AGGRESSIVE;
				GCC_WARN_UNUSED_FUNCTION = YES;
				GCC_WARN_UNUSED_VARIABLE = YES;
				IPHONEOS_DEPLOYMENT_TARGET = 9.3;
				MTL_ENABLE_DEBUG_INFO = NO;
				SDKROOT = iphoneos;
				VALIDATE_PRODUCT = YES;
			};
			name = Release;
		};
		2B497BB31CF037FF00E6844D /* Debug */ = {
			isa = XCBuildConfiguration;
			buildSettings = {
				ASSETCATALOG_COMPILER_LAUNCHIMAGE_NAME = "Brand Assets";
				GCC_PRECOMPILE_PREFIX_HEADER = YES;
				GCC_PREFIX_HEADER = demo/PrefixHeader.pch;
				INFOPLIST_FILE = demo/Info.plist;
				IPHONEOS_DEPLOYMENT_TARGET = 8.0;
				LD_RUNPATH_SEARCH_PATHS = "$(inherited) @executable_path/Frameworks";
				PRODUCT_BUNDLE_IDENTIFIER = com.went.demo;
				PRODUCT_NAME = "$(TARGET_NAME)";
			};
			name = Debug;
		};
		2B497BB41CF037FF00E6844D /* Release */ = {
			isa = XCBuildConfiguration;
			buildSettings = {
				ASSETCATALOG_COMPILER_LAUNCHIMAGE_NAME = "Brand Assets";
				GCC_PRECOMPILE_PREFIX_HEADER = YES;
				GCC_PREFIX_HEADER = demo/PrefixHeader.pch;
				INFOPLIST_FILE = demo/Info.plist;
				IPHONEOS_DEPLOYMENT_TARGET = 8.0;
				LD_RUNPATH_SEARCH_PATHS = "$(inherited) @executable_path/Frameworks";
				PRODUCT_BUNDLE_IDENTIFIER = com.went.demo;
				PRODUCT_NAME = "$(TARGET_NAME)";
			};
			name = Release;
		};
/* End XCBuildConfiguration section */

/* Begin XCConfigurationList section */
		2B497B961CF037FF00E6844D /* Build configuration list for PBXProject "demo" */ = {
			isa = XCConfigurationList;
			buildConfigurations = (
				2B497BB01CF037FF00E6844D /* Debug */,
				2B497BB11CF037FF00E6844D /* Release */,
			);
			defaultConfigurationIsVisible = 0;
			defaultConfigurationName = Release;
		};
		2B497BB21CF037FF00E6844D /* Build configuration list for PBXNativeTarget "demo" */ = {
			isa = XCConfigurationList;
			buildConfigurations = (
				2B497BB31CF037FF00E6844D /* Debug */,
				2B497BB41CF037FF00E6844D /* Release */,
			);
			defaultConfigurationIsVisible = 0;
			defaultConfigurationName = Release;
		};
/* End XCConfigurationList section */
	};
	rootObject = 2B497B931CF037FF00E6844D /* Project object */;
}
